
Microsoft Visual Studio Solution File, Format Version 12.00
# Visual Studio Version 17
VisualStudioVersion = 17.13.35931.197 d17.13
MinimumVisualStudioVersion = 10.0.40219.1
Project("{FAE04EC0-301F-11D3-BF4B-00C04F79EFBC}") = "CentroAtencionCanina.API", "CentroAtencionCanina.API\CentroAtencionCanina.API.csproj", "{66432EDC-B204-4001-9460-F9210B41128E}"
EndProject
Global
	GlobalSection(SolutionConfigurationPlatforms) = preSolution
		Debug|Any CPU = Debug|Any CPU
		Release|Any CPU = Release|Any CPU
	EndGlobalSection
	GlobalSection(ProjectConfigurationPlatforms) = postSolution
		{66432EDC-B204-4001-9460-F9210B41128E}.Debug|Any CPU.ActiveCfg = Debug|Any CPU
		{66432EDC-B204-4001-9460-F9210B41128E}.Debug|Any CPU.Build.0 = Debug|Any CPU
		{66432EDC-B204-4001-9460-F9210B41128E}.Release|Any CPU.ActiveCfg = Release|Any CPU
		{66432EDC-B204-4001-9460-F9210B41128E}.Release|Any CPU.Build.0 = Release|Any CPU
	EndGlobalSection
	GlobalSection(SolutionProperties) = preSolution
		HideSolutionNode = FALSE
	EndGlobalSection
	GlobalSection(ExtensibilityGlobals) = postSolution
		SolutionGuid = {6683C9D6-1F10-430D-8879-A65F33E5B65A}
	EndGlobalSection
EndGlobal
